
Microsoft Visual Studio Solution File, Format Version 12.00
# Visual Studio 15
VisualStudioVersion = 15.0.27703.2000
MinimumVisualStudioVersion = 10.0.40219.1
Project("{FAE04EC0-301F-11D3-BF4B-00C04F79EFBC}") = "GenericsDEMO", "GenericsDEMO\GenericsDEMO.csproj", "{05E07A38-A777-4A84-91BD-0D092F40C4ED}"
EndProject
Project("{FAE04EC0-301F-11D3-BF4B-00C04F79EFBC}") = "GenericsDemo2", "GenericsDemo2\GenericsDemo2.csproj", "{B86C1750-7B8A-4369-B615-D626B872B10C}"
EndProject
Global
	GlobalSection(SolutionConfigurationPlatforms) = preSolution
		Debug|Any CPU = Debug|Any CPU
		Release|Any CPU = Release|Any CPU
	EndGlobalSection
	GlobalSection(ProjectConfigurationPlatforms) = postSolution
		{05E07A38-A777-4A84-91BD-0D092F40C4ED}.Debug|Any CPU.ActiveCfg = Debug|Any CPU
		{05E07A38-A777-4A84-91BD-0D092F40C4ED}.Debug|Any CPU.Build.0 = Debug|Any CPU
		{05E07A38-A777-4A84-91BD-0D092F40C4ED}.Release|Any CPU.ActiveCfg = Release|Any CPU
		{05E07A38-A777-4A84-91BD-0D092F40C4ED}.Release|Any CPU.Build.0 = Release|Any CPU
		{B86C1750-7B8A-4369-B615-D626B872B10C}.Debug|Any CPU.ActiveCfg = Debug|Any CPU
		{B86C1750-7B8A-4369-B615-D626B872B10C}.Debug|Any CPU.Build.0 = Debug|Any CPU
		{B86C1750-7B8A-4369-B615-D626B872B10C}.Release|Any CPU.ActiveCfg = Release|Any CPU
		{B86C1750-7B8A-4369-B615-D626B872B10C}.Release|Any CPU.Build.0 = Release|Any CPU
	EndGlobalSection
	GlobalSection(SolutionProperties) = preSolution
		HideSolutionNode = FALSE
	EndGlobalSection
	GlobalSection(ExtensibilityGlobals) = postSolution
		SolutionGuid = {E7EF1182-4CE2-49BF-99C3-6CFC51452D24}
	EndGlobalSection
EndGlobal
