
Microsoft Visual Studio Solution File, Format Version 12.00
# Visual Studio 15
VisualStudioVersion = 15.0.27703.2000
MinimumVisualStudioVersion = 10.0.40219.1
Project("{FAE04EC0-301F-11D3-BF4B-00C04F79EFBC}") = "ChatApplicatonClient1", "ChatApplicatonClient1\ChatApplicatonClient1.csproj", "{4F6F470A-86B5-4918-AE84-2C6885404E5C}"
EndProject
Project("{FAE04EC0-301F-11D3-BF4B-00C04F79EFBC}") = "ChatApplicatonClient2", "ChatApplicatonClient2\ChatApplicatonClient2.csproj", "{9222FF06-8508-4B5B-AED9-C831D52B5372}"
EndProject
Global
	GlobalSection(SolutionConfigurationPlatforms) = preSolution
		Debug|Any CPU = Debug|Any CPU
		Release|Any CPU = Release|Any CPU
	EndGlobalSection
	GlobalSection(ProjectConfigurationPlatforms) = postSolution
		{4F6F470A-86B5-4918-AE84-2C6885404E5C}.Debug|Any CPU.ActiveCfg = Debug|Any CPU
		{4F6F470A-86B5-4918-AE84-2C6885404E5C}.Debug|Any CPU.Build.0 = Debug|Any CPU
		{4F6F470A-86B5-4918-AE84-2C6885404E5C}.Release|Any CPU.ActiveCfg = Release|Any CPU
		{4F6F470A-86B5-4918-AE84-2C6885404E5C}.Release|Any CPU.Build.0 = Release|Any CPU
		{9222FF06-8508-4B5B-AED9-C831D52B5372}.Debug|Any CPU.ActiveCfg = Debug|Any CPU
		{9222FF06-8508-4B5B-AED9-C831D52B5372}.Debug|Any CPU.Build.0 = Debug|Any CPU
		{9222FF06-8508-4B5B-AED9-C831D52B5372}.Release|Any CPU.ActiveCfg = Release|Any CPU
		{9222FF06-8508-4B5B-AED9-C831D52B5372}.Release|Any CPU.Build.0 = Release|Any CPU
	EndGlobalSection
	GlobalSection(SolutionProperties) = preSolution
		HideSolutionNode = FALSE
	EndGlobalSection
	GlobalSection(ExtensibilityGlobals) = postSolution
		SolutionGuid = {EA27D0FE-C0DE-442B-BB37-B34322C5D805}
	EndGlobalSection
EndGlobal
