
Microsoft Visual Studio Solution File, Format Version 12.00
# Visual Studio 15
VisualStudioVersion = 15.0.27703.2000
MinimumVisualStudioVersion = 10.0.40219.1
Project("{FAE04EC0-301F-11D3-BF4B-00C04F79EFBC}") = "RandomNumbers", "RandomNumbers\RandomNumbers.csproj", "{DDAB1F21-E756-4EE7-A369-D18DF20F089A}"
EndProject
Global
	GlobalSection(SolutionConfigurationPlatforms) = preSolution
		Debug|Any CPU = Debug|Any CPU
		Release|Any CPU = Release|Any CPU
	EndGlobalSection
	GlobalSection(ProjectConfigurationPlatforms) = postSolution
		{DDAB1F21-E756-4EE7-A369-D18DF20F089A}.Debug|Any CPU.ActiveCfg = Debug|Any CPU
		{DDAB1F21-E756-4EE7-A369-D18DF20F089A}.Debug|Any CPU.Build.0 = Debug|Any CPU
		{DDAB1F21-E756-4EE7-A369-D18DF20F089A}.Release|Any CPU.ActiveCfg = Release|Any CPU
		{DDAB1F21-E756-4EE7-A369-D18DF20F089A}.Release|Any CPU.Build.0 = Release|Any CPU
	EndGlobalSection
	GlobalSection(SolutionProperties) = preSolution
		HideSolutionNode = FALSE
	EndGlobalSection
	GlobalSection(ExtensibilityGlobals) = postSolution
		SolutionGuid = {516AD0F8-A0A0-4298-B7E6-2C37D24B4EF9}
	EndGlobalSection
EndGlobal
