
Microsoft Visual Studio Solution File, Format Version 12.00
# Visual Studio 15
VisualStudioVersion = 15.0.27703.2000
MinimumVisualStudioVersion = 10.0.40219.1
Project("{FAE04EC0-301F-11D3-BF4B-00C04F79EFBC}") = "FileIODemo", "FileIODemo\FileIODemo.csproj", "{30FFA5DF-4D36-4846-AF30-FB17837F19EE}"
EndProject
Global
	GlobalSection(SolutionConfigurationPlatforms) = preSolution
		Debug|Any CPU = Debug|Any CPU
		Release|Any CPU = Release|Any CPU
	EndGlobalSection
	GlobalSection(ProjectConfigurationPlatforms) = postSolution
		{30FFA5DF-4D36-4846-AF30-FB17837F19EE}.Debug|Any CPU.ActiveCfg = Debug|Any CPU
		{30FFA5DF-4D36-4846-AF30-FB17837F19EE}.Debug|Any CPU.Build.0 = Debug|Any CPU
		{30FFA5DF-4D36-4846-AF30-FB17837F19EE}.Release|Any CPU.ActiveCfg = Release|Any CPU
		{30FFA5DF-4D36-4846-AF30-FB17837F19EE}.Release|Any CPU.Build.0 = Release|Any CPU
	EndGlobalSection
	GlobalSection(SolutionProperties) = preSolution
		HideSolutionNode = FALSE
	EndGlobalSection
	GlobalSection(ExtensibilityGlobals) = postSolution
		SolutionGuid = {08C1DAD7-32C6-4C70-97C4-B0A4C4512A88}
	EndGlobalSection
EndGlobal
