
Microsoft Visual Studio Solution File, Format Version 12.00
# Visual Studio 15
VisualStudioVersion = 15.0.27703.2000
MinimumVisualStudioVersion = 10.0.40219.1
Project("{FAE04EC0-301F-11D3-BF4B-00C04F79EFBC}") = "AsyncAwaitDemo", "AsyncAwaitDemo\AsyncAwaitDemo.csproj", "{AD3E4CE1-6F48-4E16-86A8-5623F533EAAA}"
EndProject
Project("{FAE04EC0-301F-11D3-BF4B-00C04F79EFBC}") = "AsyncAwitDemo", "AsyncAwitDemo\AsyncAwitDemo.csproj", "{57EFC7C9-1025-4F3D-95F3-A142B0E13EB5}"
EndProject
Global
	GlobalSection(SolutionConfigurationPlatforms) = preSolution
		Debug|Any CPU = Debug|Any CPU
		Release|Any CPU = Release|Any CPU
	EndGlobalSection
	GlobalSection(ProjectConfigurationPlatforms) = postSolution
		{AD3E4CE1-6F48-4E16-86A8-5623F533EAAA}.Debug|Any CPU.ActiveCfg = Debug|Any CPU
		{AD3E4CE1-6F48-4E16-86A8-5623F533EAAA}.Debug|Any CPU.Build.0 = Debug|Any CPU
		{AD3E4CE1-6F48-4E16-86A8-5623F533EAAA}.Release|Any CPU.ActiveCfg = Release|Any CPU
		{AD3E4CE1-6F48-4E16-86A8-5623F533EAAA}.Release|Any CPU.Build.0 = Release|Any CPU
		{57EFC7C9-1025-4F3D-95F3-A142B0E13EB5}.Debug|Any CPU.ActiveCfg = Debug|Any CPU
		{57EFC7C9-1025-4F3D-95F3-A142B0E13EB5}.Debug|Any CPU.Build.0 = Debug|Any CPU
		{57EFC7C9-1025-4F3D-95F3-A142B0E13EB5}.Release|Any CPU.ActiveCfg = Release|Any CPU
		{57EFC7C9-1025-4F3D-95F3-A142B0E13EB5}.Release|Any CPU.Build.0 = Release|Any CPU
	EndGlobalSection
	GlobalSection(SolutionProperties) = preSolution
		HideSolutionNode = FALSE
	EndGlobalSection
	GlobalSection(ExtensibilityGlobals) = postSolution
		SolutionGuid = {387BDAAC-F0E9-4431-BDFC-59A9D05F4778}
	EndGlobalSection
EndGlobal
