
Microsoft Visual Studio Solution File, Format Version 12.00
# Visual Studio 15
VisualStudioVersion = 15.0.27703.2000
MinimumVisualStudioVersion = 10.0.40219.1
Project("{FAE04EC0-301F-11D3-BF4B-00C04F79EFBC}") = "EFCodeFirstDemo", "EFCodeFirstDemo\EFCodeFirstDemo.csproj", "{9AFC5510-C477-4694-80BB-BE1D27373137}"
EndProject
Project("{2150E333-8FDC-42A3-9474-1A3956D46DE8}") = "DataAccessLayer", "DataAccessLayer", "{829EED8B-D0DD-4FAF-AF9B-9F478D9D889F}"
EndProject
Project("{2150E333-8FDC-42A3-9474-1A3956D46DE8}") = "BusinessLayer", "BusinessLayer", "{7AE49E71-49F6-4C70-A4D0-A042E4A7A845}"
EndProject
Project("{2150E333-8FDC-42A3-9474-1A3956D46DE8}") = "CommonLayer", "CommonLayer", "{B7BF7209-03C2-485F-BC26-A73E64E83141}"
EndProject
Project("{2150E333-8FDC-42A3-9474-1A3956D46DE8}") = "UnitTestingLayer", "UnitTestingLayer", "{D8ED864F-3404-4AB5-BE9E-F84729B4FF05}"
EndProject
Project("{2150E333-8FDC-42A3-9474-1A3956D46DE8}") = "PresentationLayer", "PresentationLayer", "{EA26DE47-79ED-441D-A3D3-0F7CE5B51C6A}"
EndProject
Project("{FAE04EC0-301F-11D3-BF4B-00C04F79EFBC}") = "EFCodeFirst.BL", "EFCodeFirst.BL\EFCodeFirst.BL.csproj", "{E5119711-C6DE-49B0-A8F2-6B3B581A2744}"
EndProject
Project("{FAE04EC0-301F-11D3-BF4B-00C04F79EFBC}") = "EFCodeFirst.DAL", "EFCodeFirst.DAL\EFCodeFirst.DAL.csproj", "{A94ABD64-CAD9-484A-B635-3AC105F0FAC7}"
EndProject
Project("{FAE04EC0-301F-11D3-BF4B-00C04F79EFBC}") = "EFCodeFirst.CL.Entity", "EFCodeFirst.CommonLayer\EFCodeFirst.CL.Entity.csproj", "{7D2207F7-F47F-4124-A92F-0B2E661431A9}"
EndProject
Project("{FAE04EC0-301F-11D3-BF4B-00C04F79EFBC}") = "EFCodeFirst.UnitTesting", "EFCodeFirst.UnitTesting\EFCodeFirst.UnitTesting.csproj", "{7D6FC11F-C90B-4611-879E-C1DFED2BECDA}"
EndProject
Project("{FAE04EC0-301F-11D3-BF4B-00C04F79EFBC}") = "EFCodeFirst.CL.Exception", "EFCodeFirst.CL.Exception\EFCodeFirst.CL.Exception.csproj", "{1CE74667-F98C-407F-8D04-31F13E9FC960}"
EndProject
Project("{FAE04EC0-301F-11D3-BF4B-00C04F79EFBC}") = "EFCodeFirst.CL.Utility", "EFCodeFirst.CL.Utility\EFCodeFirst.CL.Utility.csproj", "{0C87AEA7-3C39-44E5-A292-03307408E732}"
EndProject
Project("{2150E333-8FDC-42A3-9474-1A3956D46DE8}") = "ServiceLayer", "ServiceLayer", "{4E7FE0D0-3045-423A-A713-3D3CFCB981C5}"
EndProject
Project("{FAE04EC0-301F-11D3-BF4B-00C04F79EFBC}") = "EFCodeFirst.ServiceLayer", "EFCodeFirst.ServiceLayer\EFCodeFirst.ServiceLayer.csproj", "{80B89B92-CCE4-46DC-9F21-F0F419B351E4}"
EndProject
Global
	GlobalSection(SolutionConfigurationPlatforms) = preSolution
		Debug|Any CPU = Debug|Any CPU
		Release|Any CPU = Release|Any CPU
	EndGlobalSection
	GlobalSection(ProjectConfigurationPlatforms) = postSolution
		{9AFC5510-C477-4694-80BB-BE1D27373137}.Debug|Any CPU.ActiveCfg = Debug|Any CPU
		{9AFC5510-C477-4694-80BB-BE1D27373137}.Debug|Any CPU.Build.0 = Debug|Any CPU
		{9AFC5510-C477-4694-80BB-BE1D27373137}.Release|Any CPU.ActiveCfg = Release|Any CPU
		{9AFC5510-C477-4694-80BB-BE1D27373137}.Release|Any CPU.Build.0 = Release|Any CPU
		{E5119711-C6DE-49B0-A8F2-6B3B581A2744}.Debug|Any CPU.ActiveCfg = Debug|Any CPU
		{E5119711-C6DE-49B0-A8F2-6B3B581A2744}.Debug|Any CPU.Build.0 = Debug|Any CPU
		{E5119711-C6DE-49B0-A8F2-6B3B581A2744}.Release|Any CPU.ActiveCfg = Release|Any CPU
		{E5119711-C6DE-49B0-A8F2-6B3B581A2744}.Release|Any CPU.Build.0 = Release|Any CPU
		{A94ABD64-CAD9-484A-B635-3AC105F0FAC7}.Debug|Any CPU.ActiveCfg = Debug|Any CPU
		{A94ABD64-CAD9-484A-B635-3AC105F0FAC7}.Debug|Any CPU.Build.0 = Debug|Any CPU
		{A94ABD64-CAD9-484A-B635-3AC105F0FAC7}.Release|Any CPU.ActiveCfg = Release|Any CPU
		{A94ABD64-CAD9-484A-B635-3AC105F0FAC7}.Release|Any CPU.Build.0 = Release|Any CPU
		{7D2207F7-F47F-4124-A92F-0B2E661431A9}.Debug|Any CPU.ActiveCfg = Debug|Any CPU
		{7D2207F7-F47F-4124-A92F-0B2E661431A9}.Debug|Any CPU.Build.0 = Debug|Any CPU
		{7D2207F7-F47F-4124-A92F-0B2E661431A9}.Release|Any CPU.ActiveCfg = Release|Any CPU
		{7D2207F7-F47F-4124-A92F-0B2E661431A9}.Release|Any CPU.Build.0 = Release|Any CPU
		{7D6FC11F-C90B-4611-879E-C1DFED2BECDA}.Debug|Any CPU.ActiveCfg = Debug|Any CPU
		{7D6FC11F-C90B-4611-879E-C1DFED2BECDA}.Debug|Any CPU.Build.0 = Debug|Any CPU
		{7D6FC11F-C90B-4611-879E-C1DFED2BECDA}.Release|Any CPU.ActiveCfg = Release|Any CPU
		{7D6FC11F-C90B-4611-879E-C1DFED2BECDA}.Release|Any CPU.Build.0 = Release|Any CPU
		{1CE74667-F98C-407F-8D04-31F13E9FC960}.Debug|Any CPU.ActiveCfg = Debug|Any CPU
		{1CE74667-F98C-407F-8D04-31F13E9FC960}.Debug|Any CPU.Build.0 = Debug|Any CPU
		{1CE74667-F98C-407F-8D04-31F13E9FC960}.Release|Any CPU.ActiveCfg = Release|Any CPU
		{1CE74667-F98C-407F-8D04-31F13E9FC960}.Release|Any CPU.Build.0 = Release|Any CPU
		{0C87AEA7-3C39-44E5-A292-03307408E732}.Debug|Any CPU.ActiveCfg = Debug|Any CPU
		{0C87AEA7-3C39-44E5-A292-03307408E732}.Debug|Any CPU.Build.0 = Debug|Any CPU
		{0C87AEA7-3C39-44E5-A292-03307408E732}.Release|Any CPU.ActiveCfg = Release|Any CPU
		{0C87AEA7-3C39-44E5-A292-03307408E732}.Release|Any CPU.Build.0 = Release|Any CPU
		{80B89B92-CCE4-46DC-9F21-F0F419B351E4}.Debug|Any CPU.ActiveCfg = Debug|Any CPU
		{80B89B92-CCE4-46DC-9F21-F0F419B351E4}.Debug|Any CPU.Build.0 = Debug|Any CPU
		{80B89B92-CCE4-46DC-9F21-F0F419B351E4}.Release|Any CPU.ActiveCfg = Release|Any CPU
		{80B89B92-CCE4-46DC-9F21-F0F419B351E4}.Release|Any CPU.Build.0 = Release|Any CPU
	EndGlobalSection
	GlobalSection(SolutionProperties) = preSolution
		HideSolutionNode = FALSE
	EndGlobalSection
	GlobalSection(NestedProjects) = preSolution
		{9AFC5510-C477-4694-80BB-BE1D27373137} = {EA26DE47-79ED-441D-A3D3-0F7CE5B51C6A}
		{E5119711-C6DE-49B0-A8F2-6B3B581A2744} = {7AE49E71-49F6-4C70-A4D0-A042E4A7A845}
		{A94ABD64-CAD9-484A-B635-3AC105F0FAC7} = {829EED8B-D0DD-4FAF-AF9B-9F478D9D889F}
		{7D2207F7-F47F-4124-A92F-0B2E661431A9} = {B7BF7209-03C2-485F-BC26-A73E64E83141}
		{7D6FC11F-C90B-4611-879E-C1DFED2BECDA} = {D8ED864F-3404-4AB5-BE9E-F84729B4FF05}
		{1CE74667-F98C-407F-8D04-31F13E9FC960} = {B7BF7209-03C2-485F-BC26-A73E64E83141}
		{0C87AEA7-3C39-44E5-A292-03307408E732} = {B7BF7209-03C2-485F-BC26-A73E64E83141}
		{80B89B92-CCE4-46DC-9F21-F0F419B351E4} = {4E7FE0D0-3045-423A-A713-3D3CFCB981C5}
	EndGlobalSection
	GlobalSection(ExtensibilityGlobals) = postSolution
		SolutionGuid = {9C5A0512-1302-464C-9D01-F5DC07174788}
	EndGlobalSection
EndGlobal
