
Microsoft Visual Studio Solution File, Format Version 12.00
# Visual Studio 15
VisualStudioVersion = 15.0.27703.2000
MinimumVisualStudioVersion = 10.0.40219.1
Project("{00D1A9C2-B5F0-4AF3-8072-F6C62B433612}") = "AdvanceTSQLDemo", "AdvanceTSQLDemo\AdvanceTSQLDemo.sqlproj", "{9EE571B9-8C99-4AFD-9C0C-B08D5B497E4E}"
EndProject
Global
	GlobalSection(SolutionConfigurationPlatforms) = preSolution
		Debug|Any CPU = Debug|Any CPU
		Release|Any CPU = Release|Any CPU
	EndGlobalSection
	GlobalSection(ProjectConfigurationPlatforms) = postSolution
		{9EE571B9-8C99-4AFD-9C0C-B08D5B497E4E}.Debug|Any CPU.ActiveCfg = Debug|Any CPU
		{9EE571B9-8C99-4AFD-9C0C-B08D5B497E4E}.Debug|Any CPU.Build.0 = Debug|Any CPU
		{9EE571B9-8C99-4AFD-9C0C-B08D5B497E4E}.Debug|Any CPU.Deploy.0 = Debug|Any CPU
		{9EE571B9-8C99-4AFD-9C0C-B08D5B497E4E}.Release|Any CPU.ActiveCfg = Release|Any CPU
		{9EE571B9-8C99-4AFD-9C0C-B08D5B497E4E}.Release|Any CPU.Build.0 = Release|Any CPU
		{9EE571B9-8C99-4AFD-9C0C-B08D5B497E4E}.Release|Any CPU.Deploy.0 = Release|Any CPU
	EndGlobalSection
	GlobalSection(SolutionProperties) = preSolution
		HideSolutionNode = FALSE
	EndGlobalSection
	GlobalSection(ExtensibilityGlobals) = postSolution
		SolutionGuid = {59FB2EAA-8015-45E6-845A-C6FC8C71F118}
	EndGlobalSection
EndGlobal
